// !$*UTF8*$!
{
	archiveVersion = 1;
	classes = {
	};
	objectVersion = 55;
	objects = {

/* Begin PBXBuildFile section */
		AA8E8B00268F462700F526B1 /* JabsApp.swift in Sources */ = {isa = PBXBuildFile; fileRef = AA8E8AFF268F462700F526B1 /* JabsApp.swift */; };
		AA8E8B02268F462700F526B1 /* ContentView.swift in Sources */ = {isa = PBXBuildFile; fileRef = AA8E8B01268F462700F526B1 /* ContentView.swift */; };
		AA8E8B04268F462900F526B1 /* Assets.xcassets in Resources */ = {isa = PBXBuildFile; fileRef = AA8E8B03268F462900F526B1 /* Assets.xcassets */; };
		AA8E8B07268F462900F526B1 /* Preview Assets.xcassets in Resources */ = {isa = PBXBuildFile; fileRef = AA8E8B06268F462900F526B1 /* Preview Assets.xcassets */; };
		AA8E8B11268F462900F526B1 /* JabsTests.swift in Sources */ = {isa = PBXBuildFile; fileRef = AA8E8B10268F462900F526B1 /* JabsTests.swift */; };
		AA8E8B1B268F462900F526B1 /* JabsUITests.swift in Sources */ = {isa = PBXBuildFile; fileRef = AA8E8B1A268F462900F526B1 /* JabsUITests.swift */; };
/* End PBXBuildFile section */

/* Begin PBXContainerItemProxy section */
		AA8E8B0D268F462900F526B1 /* PBXContainerItemProxy */ = {
			isa = PBXContainerItemProxy;
			containerPortal = AA8E8AF4268F462700F526B1 /* Project object */;
			proxyType = 1;
			remoteGlobalIDString = AA8E8AFB268F462700F526B1;
			remoteInfo = Jabs;
		};
		AA8E8B17268F462900F526B1 /* PBXContainerItemProxy */ = {
			isa = PBXContainerItemProxy;
			containerPortal = AA8E8AF4268F462700F526B1 /* Project object */;
			proxyType = 1;
			remoteGlobalIDString = AA8E8AFB268F462700F526B1;
			remoteInfo = Jabs;
		};
/* End PBXContainerItemProxy section */

/* Begin PBXFileReference section */
		AA8E8AFC268F462700F526B1 /* Jabs.app */ = {isa = PBXFileReference; explicitFileType = wrapper.application; includeInIndex = 0; path = Jabs.app; sourceTree = BUILT_PRODUCTS_DIR; };
		AA8E8AFF268F462700F526B1 /* JabsApp.swift */ = {isa = PBXFileReference; lastKnownFileType = sourcecode.swift; path = JabsApp.swift; sourceTree = "<group>"; };
		AA8E8B01268F462700F526B1 /* ContentView.swift */ = {isa = PBXFileReference; lastKnownFileType = sourcecode.swift; path = ContentView.swift; sourceTree = "<group>"; };
		AA8E8B03268F462900F526B1 /* Assets.xcassets */ = {isa = PBXFileReference; lastKnownFileType = folder.assetcatalog; path = Assets.xcassets; sourceTree = "<group>"; };
		AA8E8B06268F462900F526B1 /* Preview Assets.xcassets */ = {isa = PBXFileReference; lastKnownFileType = folder.assetcatalog; path = "Preview Assets.xcassets"; sourceTree = "<group>"; };
		AA8E8B0C268F462900F526B1 /* JabsTests.xctest */ = {isa = PBXFileReference; explicitFileType = wrapper.cfbundle; includeInIndex = 0; path = JabsTests.xctest; sourceTree = BUILT_PRODUCTS_DIR; };
		AA8E8B10268F462900F526B1 /* JabsTests.swift */ = {isa = PBXFileReference; lastKnownFileType = sourcecode.swift; path = JabsTests.swift; sourceTree = "<group>"; };
		AA8E8B16268F462900F526B1 /* JabsUITests.xctest */ = {isa = PBXFileReference; explicitFileType = wrapper.cfbundle; includeInIndex = 0; path = JabsUITests.xctest; sourceTree = BUILT_PRODUCTS_DIR; };
		AA8E8B1A268F462900F526B1 /* JabsUITests.swift */ = {isa = PBXFileReference; lastKnownFileType = sourcecode.swift; path = JabsUITests.swift; sourceTree = "<group>"; };
/* End PBXFileReference section */

/* Begin PBXFrameworksBuildPhase section */
		AA8E8AF9268F462700F526B1 /* Frameworks */ = {
			isa = PBXFrameworksBuildPhase;
			buildActionMask = 2147483647;
			files = (
			);
			runOnlyForDeploymentPostprocessing = 0;
		};
		AA8E8B09268F462900F526B1 /* Frameworks */ = {
			isa = PBXFrameworksBuildPhase;
			buildActionMask = 2147483647;
			files = (
			);
			runOnlyForDeploymentPostprocessing = 0;
		};
		AA8E8B13268F462900F526B1 /* Frameworks */ = {
			isa = PBXFrameworksBuildPhase;
			buildActionMask = 2147483647;
			files = (
			);
			runOnlyForDeploymentPostprocessing = 0;
		};
/* End PBXFrameworksBuildPhase section */

/* Begin PBXGroup section */
		AA8E8AF3268F462700F526B1 = {
			isa = PBXGroup;
			children = (
				AA8E8AFE268F462700F526B1 /* Jabs */,
				AA8E8B0F268F462900F526B1 /* JabsTests */,
				AA8E8B19268F462900F526B1 /* JabsUITests */,
				AA8E8AFD268F462700F526B1 /* Products */,
			);
			sourceTree = "<group>";
		};
		AA8E8AFD268F462700F526B1 /* Products */ = {
			isa = PBXGroup;
			children = (
				AA8E8AFC268F462700F526B1 /* Jabs.app */,
				AA8E8B0C268F462900F526B1 /* JabsTests.xctest */,
				AA8E8B16268F462900F526B1 /* JabsUITests.xctest */,
			);
			name = Products;
			sourceTree = "<group>";
		};
		AA8E8AFE268F462700F526B1 /* Jabs */ = {
			isa = PBXGroup;
			children = (
				AA8E8AFF268F462700F526B1 /* JabsApp.swift */,
				AA8E8B01268F462700F526B1 /* ContentView.swift */,
				AA8E8B03268F462900F526B1 /* Assets.xcassets */,
				AA8E8B05268F462900F526B1 /* Preview Content */,
			);
			path = Jabs;
			sourceTree = "<group>";
		};
		AA8E8B05268F462900F526B1 /* Preview Content */ = {
			isa = PBXGroup;
			children = (
				AA8E8B06268F462900F526B1 /* Preview Assets.xcassets */,
			);
			path = "Preview Content";
			sourceTree = "<group>";
		};
		AA8E8B0F268F462900F526B1 /* JabsTests */ = {
			isa = PBXGroup;
			children = (
				AA8E8B10268F462900F526B1 /* JabsTests.swift */,
			);
			path = JabsTests;
			sourceTree = "<group>";
		};
		AA8E8B19268F462900F526B1 /* JabsUITests */ = {
			isa = PBXGroup;
			children = (
				AA8E8B1A268F462900F526B1 /* JabsUITests.swift */,
			);
			path = JabsUITests;
			sourceTree = "<group>";
		};
/* End PBXGroup section */

/* Begin PBXNativeTarget section */
		AA8E8AFB268F462700F526B1 /* Jabs */ = {
			isa = PBXNativeTarget;
			buildConfigurationList = AA8E8B1E268F462900F526B1 /* Build configuration list for PBXNativeTarget "Jabs" */;
			buildPhases = (
				AA8E8AF8268F462700F526B1 /* Sources */,
				AA8E8AF9268F462700F526B1 /* Frameworks */,
				AA8E8AFA268F462700F526B1 /* Resources */,
			);
			buildRules = (
			);
			dependencies = (
			);
			name = Jabs;
			productName = Jabs;
			productReference = AA8E8AFC268F462700F526B1 /* Jabs.app */;
			productType = "com.apple.product-type.application";
		};
		AA8E8B0B268F462900F526B1 /* JabsTests */ = {
			isa = PBXNativeTarget;
			buildConfigurationList = AA8E8B21268F462900F526B1 /* Build configuration list for PBXNativeTarget "JabsTests" */;
			buildPhases = (
				AA8E8B08268F462900F526B1 /* Sources */,
				AA8E8B09268F462900F526B1 /* Frameworks */,
				AA8E8B0A268F462900F526B1 /* Resources */,
			);
			buildRules = (
			);
			dependencies = (
				AA8E8B0E268F462900F526B1 /* PBXTargetDependency */,
			);
			name = JabsTests;
			productName = JabsTests;
			productReference = AA8E8B0C268F462900F526B1 /* JabsTests.xctest */;
			productType = "com.apple.product-type.bundle.unit-test";
		};
		AA8E8B15268F462900F526B1 /* JabsUITests */ = {
			isa = PBXNativeTarget;
			buildConfigurationList = AA8E8B24268F462900F526B1 /* Build configuration list for PBXNativeTarget "JabsUITests" */;
			buildPhases = (
				AA8E8B12268F462900F526B1 /* Sources */,
				AA8E8B13268F462900F526B1 /* Frameworks */,
				AA8E8B14268F462900F526B1 /* Resources */,
			);
			buildRules = (
			);
			dependencies = (
				AA8E8B18268F462900F526B1 /* PBXTargetDependency */,
			);
			name = JabsUITests;
			productName = JabsUITests;
			productReference = AA8E8B16268F462900F526B1 /* JabsUITests.xctest */;
			productType = "com.apple.product-type.bundle.ui-testing";
		};
/* End PBXNativeTarget section */

/* Begin PBXProject section */
		AA8E8AF4268F462700F526B1 /* Project object */ = {
			isa = PBXProject;
			attributes = {
				BuildIndependentTargetsInParallel = 1;
				LastSwiftUpdateCheck = 1300;
				LastUpgradeCheck = 1300;
				TargetAttributes = {
					AA8E8AFB268F462700F526B1 = {
						CreatedOnToolsVersion = 13.0;
					};
					AA8E8B0B268F462900F526B1 = {
						CreatedOnToolsVersion = 13.0;
						TestTargetID = AA8E8AFB268F462700F526B1;
					};
					AA8E8B15268F462900F526B1 = {
						CreatedOnToolsVersion = 13.0;
						TestTargetID = AA8E8AFB268F462700F526B1;
					};
				};
			};
			buildConfigurationList = AA8E8AF7268F462700F526B1 /* Build configuration list for PBXProject "Jabs" */;
			compatibilityVersion = "Xcode 13.0";
			developmentRegion = en;
			hasScannedForEncodings = 0;
			knownRegions = (
				en,
				Base,
			);
			mainGroup = AA8E8AF3268F462700F526B1;
			productRefGroup = AA8E8AFD268F462700F526B1 /* Products */;
			projectDirPath = "";
			projectRoot = "";
			targets = (
				AA8E8AFB268F462700F526B1 /* Jabs */,
				AA8E8B0B268F462900F526B1 /* JabsTests */,
				AA8E8B15268F462900F526B1 /* JabsUITests */,
			);
		};
/* End PBXProject section */

/* Begin PBXResourcesBuildPhase section */
		AA8E8AFA268F462700F526B1 /* Resources */ = {
			isa = PBXResourcesBuildPhase;
			buildActionMask = 2147483647;
			files = (
				AA8E8B07268F462900F526B1 /* Preview Assets.xcassets in Resources */,
				AA8E8B04268F462900F526B1 /* Assets.xcassets in Resources */,
			);
			runOnlyForDeploymentPostprocessing = 0;
		};
		AA8E8B0A268F462900F526B1 /* Resources */ = {
			isa = PBXResourcesBuildPhase;
			buildActionMask = 2147483647;
			files = (
			);
			runOnlyForDeploymentPostprocessing = 0;
		};
		AA8E8B14268F462900F526B1 /* Resources */ = {
			isa = PBXResourcesBuildPhase;
			buildActionMask = 2147483647;
			files = (
			);
			runOnlyForDeploymentPostprocessing = 0;
		};
/* End PBXResourcesBuildPhase section */

/* Begin PBXSourcesBuildPhase section */
		AA8E8AF8268F462700F526B1 /* Sources */ = {
			isa = PBXSourcesBuildPhase;
			buildActionMask = 2147483647;
			files = (
				AA8E8B02268F462700F526B1 /* ContentView.swift in Sources */,
				AA8E8B00268F462700F526B1 /* JabsApp.swift in Sources */,
			);
			runOnlyForDeploymentPostprocessing = 0;
		};
		AA8E8B08268F462900F526B1 /* Sources */ = {
			isa = PBXSourcesBuildPhase;
			buildActionMask = 2147483647;
			files = (
				AA8E8B11268F462900F526B1 /* JabsTests.swift in Sources */,
			);
			runOnlyForDeploymentPostprocessing = 0;
		};
		AA8E8B12268F462900F526B1 /* Sources */ = {
			isa = PBXSourcesBuildPhase;
			buildActionMask = 2147483647;
			files = (
				AA8E8B1B268F462900F526B1 /* JabsUITests.swift in Sources */,
			);
			runOnlyForDeploymentPostprocessing = 0;
		};
/* End PBXSourcesBuildPhase section */

/* Begin PBXTargetDependency section */
		AA8E8B0E268F462900F526B1 /* PBXTargetDependency */ = {
			isa = PBXTargetDependency;
			target = AA8E8AFB268F462700F526B1 /* Jabs */;
			targetProxy = AA8E8B0D268F462900F526B1 /* PBXContainerItemProxy */;
		};
		AA8E8B18268F462900F526B1 /* PBXTargetDependency */ = {
			isa = PBXTargetDependency;
			target = AA8E8AFB268F462700F526B1 /* Jabs */;
			targetProxy = AA8E8B17268F462900F526B1 /* PBXContainerItemProxy */;
		};
/* End PBXTargetDependency section */

/* Begin XCBuildConfiguration section */
		AA8E8B1C268F462900F526B1 /* Debug */ = {
			isa = XCBuildConfiguration;
			buildSettings = {
				ALWAYS_SEARCH_USER_PATHS = NO;
				CLANG_ANALYZER_NONNULL = YES;
				CLANG_ANALYZER_NUMBER_OBJECT_CONVERSION = YES_AGGRESSIVE;
				CLANG_CXX_LANGUAGE_STANDARD = "gnu++14";
				CLANG_CXX_LIBRARY = "libc++";
				CLANG_ENABLE_MODULES = YES;
				CLANG_ENABLE_OBJC_ARC = YES;
				CLANG_ENABLE_OBJC_WEAK = YES;
				CLANG_WARN_BLOCK_CAPTURE_AUTORELEASING = YES;
				CLANG_WARN_BOOL_CONVERSION = YES;
				CLANG_WARN_COMMA = YES;
				CLANG_WARN_CONSTANT_CONVERSION = YES;
				CLANG_WARN_DEPRECATED_OBJC_IMPLEMENTATIONS = YES;
				CLANG_WARN_DIRECT_OBJC_ISA_USAGE = YES_ERROR;
				CLANG_WARN_DOCUMENTATION_COMMENTS = YES;
				CLANG_WARN_EMPTY_BODY = YES;
				CLANG_WARN_ENUM_CONVERSION = YES;
				CLANG_WARN_INFINITE_RECURSION = YES;
				CLANG_WARN_INT_CONVERSION = YES;
				CLANG_WARN_NON_LITERAL_NULL_CONVERSION = YES;
				CLANG_WARN_OBJC_IMPLICIT_RETAIN_SELF = YES;
				CLANG_WARN_OBJC_LITERAL_CONVERSION = YES;
				CLANG_WARN_OBJC_ROOT_CLASS = YES_ERROR;
				CLANG_WARN_QUOTED_INCLUDE_IN_FRAMEWORK_HEADER = YES;
				CLANG_WARN_RANGE_LOOP_ANALYSIS = YES;
				CLANG_WARN_STRICT_PROTOTYPES = YES;
				CLANG_WARN_SUSPICIOUS_MOVE = YES;
				CLANG_WARN_UNGUARDED_AVAILABILITY = YES_AGGRESSIVE;
				CLANG_WARN_UNREACHABLE_CODE = YES;
				CLANG_WARN__DUPLICATE_METHOD_MATCH = YES;
				COPY_PHASE_STRIP = NO;
				DEBUG_INFORMATION_FORMAT = dwarf;
				ENABLE_STRICT_OBJC_MSGSEND = YES;
				ENABLE_TESTABILITY = YES;
				GCC_C_LANGUAGE_STANDARD = gnu11;
				GCC_DYNAMIC_NO_PIC = NO;
				GCC_NO_COMMON_BLOCKS = YES;
				GCC_OPTIMIZATION_LEVEL = 0;
				GCC_PREPROCESSOR_DEFINITIONS = (
					"DEBUG=1",
					"$(inherited)",
				);
				GCC_WARN_64_TO_32_BIT_CONVERSION = YES;
				GCC_WARN_ABOUT_RETURN_TYPE = YES_ERROR;
				GCC_WARN_UNDECLARED_SELECTOR = YES;
				GCC_WARN_UNINITIALIZED_AUTOS = YES_AGGRESSIVE;
				GCC_WARN_UNUSED_FUNCTION = YES;
				GCC_WARN_UNUSED_VARIABLE = YES;
				MACOSX_DEPLOYMENT_TARGET = 12.0;
				MTL_ENABLE_DEBUG_INFO = INCLUDE_SOURCE;
				MTL_FAST_MATH = YES;
				ONLY_ACTIVE_ARCH = YES;
				SDKROOT = macosx;
				SWIFT_ACTIVE_COMPILATION_CONDITIONS = DEBUG;
				SWIFT_OPTIMIZATION_LEVEL = "-Onone";
			};
			name = Debug;
		};
		AA8E8B1D268F462900F526B1 /* Release */ = {
			isa = XCBuildConfiguration;
			buildSettings = {
				ALWAYS_SEARCH_USER_PATHS = NO;
				CLANG_ANALYZER_NONNULL = YES;
				CLANG_ANALYZER_NUMBER_OBJECT_CONVERSION = YES_AGGRESSIVE;
				CLANG_CXX_LANGUAGE_STANDARD = "gnu++14";
				CLANG_CXX_LIBRARY = "libc++";
				CLANG_ENABLE_MODULES = YES;
				CLANG_ENABLE_OBJC_ARC = YES;
				CLANG_ENABLE_OBJC_WEAK = YES;
				CLANG_WARN_BLOCK_CAPTURE_AUTORELEASING = YES;
				CLANG_WARN_BOOL_CONVERSION = YES;
				CLANG_WARN_COMMA = YES;
				CLANG_WARN_CONSTANT_CONVERSION = YES;
				CLANG_WARN_DEPRECATED_OBJC_IMPLEMENTATIONS = YES;
				CLANG_WARN_DIRECT_OBJC_ISA_USAGE = YES_ERROR;
				CLANG_WARN_DOCUMENTATION_COMMENTS = YES;
				CLANG_WARN_EMPTY_BODY = YES;
				CLANG_WARN_ENUM_CONVERSION = YES;
				CLANG_WARN_INFINITE_RECURSION = YES;
				CLANG_WARN_INT_CONVERSION = YES;
				CLANG_WARN_NON_LITERAL_NULL_CONVERSION = YES;
				CLANG_WARN_OBJC_IMPLICIT_RETAIN_SELF = YES;
				CLANG_WARN_OBJC_LITERAL_CONVERSION = YES;
				CLANG_WARN_OBJC_ROOT_CLASS = YES_ERROR;
				CLANG_WARN_QUOTED_INCLUDE_IN_FRAMEWORK_HEADER = YES;
				CLANG_WARN_RANGE_LOOP_ANALYSIS = YES;
				CLANG_WARN_STRICT_PROTOTYPES = YES;
				CLANG_WARN_SUSPICIOUS_MOVE = YES;
				CLANG_WARN_UNGUARDED_AVAILABILITY = YES_AGGRESSIVE;
				CLANG_WARN_UNREACHABLE_CODE = YES;
				CLANG_WARN__DUPLICATE_METHOD_MATCH = YES;
				COPY_PHASE_STRIP = NO;
				DEBUG_INFORMATION_FORMAT = "dwarf-with-dsym";
				ENABLE_NS_ASSERTIONS = NO;
				ENABLE_STRICT_OBJC_MSGSEND = YES;
				GCC_C_LANGUAGE_STANDARD = gnu11;
				GCC_NO_COMMON_BLOCKS = YES;
				GCC_WARN_64_TO_32_BIT_CONVERSION = YES;
				GCC_WARN_ABOUT_RETURN_TYPE = YES_ERROR;
				GCC_WARN_UNDECLARED_SELECTOR = YES;
				GCC_WARN_UNINITIALIZED_AUTOS = YES_AGGRESSIVE;
				GCC_WARN_UNUSED_FUNCTION = YES;
				GCC_WARN_UNUSED_VARIABLE = YES;
				MACOSX_DEPLOYMENT_TARGET = 12.0;
				MTL_ENABLE_DEBUG_INFO = NO;
				MTL_FAST_MATH = YES;
				SDKROOT = macosx;
				SWIFT_COMPILATION_MODE = wholemodule;
				SWIFT_OPTIMIZATION_LEVEL = "-O";
			};
			name = Release;
		};
		AA8E8B1F268F462900F526B1 /* Debug */ = {
			isa = XCBuildConfiguration;
			buildSettings = {
				ASSETCATALOG_COMPILER_APPICON_NAME = AppIcon;
				ASSETCATALOG_COMPILER_GLOBAL_ACCENT_COLOR_NAME = AccentColor;
				CODE_SIGN_STYLE = Automatic;
				COMBINE_HIDPI_IMAGES = YES;
				CURRENT_PROJECT_VERSION = 1;
				DEVELOPMENT_ASSET_PATHS = "\"Jabs/Preview Content\"";
				DEVELOPMENT_TEAM = 66HB97DLV4;
				ENABLE_APP_SANDBOX = YES;
				ENABLE_HARDENED_RUNTIME = YES;
				ENABLE_PREVIEWS = YES;
				ENABLE_USER_SELECTED_FILES = readonly;
				GENERATE_INFOPLIST_FILE = YES;
				INFOPLIST_KEY_NSHumanReadableCopyright = "";
				LD_RUNPATH_SEARCH_PATHS = (
					"$(inherited)",
					"@executable_path/../Frameworks",
				);
				MACOSX_DEPLOYMENT_TARGET = 11.0;
				MARKETING_VERSION = 1.0;
				PRODUCT_BUNDLE_IDENTIFIER = theboi.Jabs;
				PRODUCT_NAME = "$(TARGET_NAME)";
				SWIFT_EMIT_LOC_STRINGS = YES;
				SWIFT_VERSION = 5.0;
			};
			name = Debug;
		};
		AA8E8B20268F462900F526B1 /* Release */ = {
			isa = XCBuildConfiguration;
			buildSettings = {
				ASSETCATALOG_COMPILER_APPICON_NAME = AppIcon;
				ASSETCATALOG_COMPILER_GLOBAL_ACCENT_COLOR_NAME = AccentColor;
				CODE_SIGN_STYLE = Automatic;
				COMBINE_HIDPI_IMAGES = YES;
				CURRENT_PROJECT_VERSION = 1;
				DEVELOPMENT_ASSET_PATHS = "\"Jabs/Preview Content\"";
				DEVELOPMENT_TEAM = 66HB97DLV4;
				ENABLE_APP_SANDBOX = YES;
				ENABLE_HARDENED_RUNTIME = YES;
				ENABLE_PREVIEWS = YES;
				ENABLE_USER_SELECTED_FILES = readonly;
				GENERATE_INFOPLIST_FILE = YES;
				INFOPLIST_KEY_NSHumanReadableCopyright = "";
				LD_RUNPATH_SEARCH_PATHS = (
					"$(inherited)",
					"@executable_path/../Frameworks",
				);
				MACOSX_DEPLOYMENT_TARGET = 11.0;
				MARKETING_VERSION = 1.0;
				PRODUCT_BUNDLE_IDENTIFIER = theboi.Jabs;
				PRODUCT_NAME = "$(TARGET_NAME)";
				SWIFT_EMIT_LOC_STRINGS = YES;
				SWIFT_VERSION = 5.0;
			};
			name = Release;
		};
		AA8E8B22268F462900F526B1 /* Debug */ = {
			isa = XCBuildConfiguration;
			buildSettings = {
				ALWAYS_EMBED_SWIFT_STANDARD_LIBRARIES = YES;
				BUNDLE_LOADER = "$(TEST_HOST)";
				CODE_SIGN_STYLE = Automatic;
				COMBINE_HIDPI_IMAGES = YES;
				CURRENT_PROJECT_VERSION = 1;
				DEVELOPMENT_TEAM = 66HB97DLV4;
				GENERATE_INFOPLIST_FILE = YES;
				LD_RUNPATH_SEARCH_PATHS = (
					"$(inherited)",
					"@executable_path/../Frameworks",
					"@loader_path/../Frameworks",
				);
				MACOSX_DEPLOYMENT_TARGET = 11.0;
				MARKETING_VERSION = 1.0;
				PRODUCT_BUNDLE_IDENTIFIER = theboi.JabsTests;
				PRODUCT_NAME = "$(TARGET_NAME)";
				SWIFT_EMIT_LOC_STRINGS = NO;
				SWIFT_VERSION = 5.0;
				TEST_HOST = "$(BUILT_PRODUCTS_DIR)/Jabs.app/Contents/MacOS/Jabs";
			};
			name = Debug;
		};
		AA8E8B23268F462900F526B1 /* Release */ = {
			isa = XCBuildConfiguration;
			buildSettings = {
				ALWAYS_EMBED_SWIFT_STANDARD_LIBRARIES = YES;
				BUNDLE_LOADER = "$(TEST_HOST)";
				CODE_SIGN_STYLE = Automatic;
				COMBINE_HIDPI_IMAGES = YES;
				CURRENT_PROJECT_VERSION = 1;
				DEVELOPMENT_TEAM = 66HB97DLV4;
				GENERATE_INFOPLIST_FILE = YES;
				LD_RUNPATH_SEARCH_PATHS = (
					"$(inherited)",
					"@executable_path/../Frameworks",
					"@loader_path/../Frameworks",
				);
				MACOSX_DEPLOYMENT_TARGET = 11.0;
				MARKETING_VERSION = 1.0;
				PRODUCT_BUNDLE_IDENTIFIER = theboi.JabsTests;
				PRODUCT_NAME = "$(TARGET_NAME)";
				SWIFT_EMIT_LOC_STRINGS = NO;
				SWIFT_VERSION = 5.0;
				TEST_HOST = "$(BUILT_PRODUCTS_DIR)/Jabs.app/Contents/MacOS/Jabs";
			};
			name = Release;
		};
		AA8E8B25268F462900F526B1 /* Debug */ = {
			isa = XCBuildConfiguration;
			buildSettings = {
				ALWAYS_EMBED_SWIFT_STANDARD_LIBRARIES = YES;
				CODE_SIGN_STYLE = Automatic;
				COMBINE_HIDPI_IMAGES = YES;
				CURRENT_PROJECT_VERSION = 1;
				DEVELOPMENT_TEAM = 66HB97DLV4;
				GENERATE_INFOPLIST_FILE = YES;
				LD_RUNPATH_SEARCH_PATHS = (
					"$(inherited)",
					"@executable_path/../Frameworks",
					"@loader_path/../Frameworks",
				);
				MARKETING_VERSION = 1.0;
				PRODUCT_BUNDLE_IDENTIFIER = theboi.JabsUITests;
				PRODUCT_NAME = "$(TARGET_NAME)";
				SWIFT_EMIT_LOC_STRINGS = NO;
				SWIFT_VERSION = 5.0;
				TEST_TARGET_NAME = Jabs;
			};
			name = Debug;
		};
		AA8E8B26268F462900F526B1 /* Release */ = {
			isa = XCBuildConfiguration;
			buildSettings = {
				ALWAYS_EMBED_SWIFT_STANDARD_LIBRARIES = YES;
				CODE_SIGN_STYLE = Automatic;
				COMBINE_HIDPI_IMAGES = YES;
				CURRENT_PROJECT_VERSION = 1;
				DEVELOPMENT_TEAM = 66HB97DLV4;
				GENERATE_INFOPLIST_FILE = YES;
				LD_RUNPATH_SEARCH_PATHS = (
					"$(inherited)",
					"@executable_path/../Frameworks",
					"@loader_path/../Frameworks",
				);
				MARKETING_VERSION = 1.0;
				PRODUCT_BUNDLE_IDENTIFIER = theboi.JabsUITests;
				PRODUCT_NAME = "$(TARGET_NAME)";
				SWIFT_EMIT_LOC_STRINGS = NO;
				SWIFT_VERSION = 5.0;
				TEST_TARGET_NAME = Jabs;
			};
			name = Release;
		};
/* End XCBuildConfiguration section */

/* Begin XCConfigurationList section */
		AA8E8AF7268F462700F526B1 /* Build configuration list for PBXProject "Jabs" */ = {
			isa = XCConfigurationList;
			buildConfigurations = (
				AA8E8B1C268F462900F526B1 /* Debug */,
				AA8E8B1D268F462900F526B1 /* Release */,
			);
			defaultConfigurationIsVisible = 0;
			defaultConfigurationName = Release;
		};
		AA8E8B1E268F462900F526B1 /* Build configuration list for PBXNativeTarget "Jabs" */ = {
			isa = XCConfigurationList;
			buildConfigurations = (
				AA8E8B1F268F462900F526B1 /* Debug */,
				AA8E8B20268F462900F526B1 /* Release */,
			);
			defaultConfigurationIsVisible = 0;
			defaultConfigurationName = Release;
		};
		AA8E8B21268F462900F526B1 /* Build configuration list for PBXNativeTarget "JabsTests" */ = {
			isa = XCConfigurationList;
			buildConfigurations = (
				AA8E8B22268F462900F526B1 /* Debug */,
				AA8E8B23268F462900F526B1 /* Release */,
			);
			defaultConfigurationIsVisible = 0;
			defaultConfigurationName = Release;
		};
		AA8E8B24268F462900F526B1 /* Build configuration list for PBXNativeTarget "JabsUITests" */ = {
			isa = XCConfigurationList;
			buildConfigurations = (
				AA8E8B25268F462900F526B1 /* Debug */,
				AA8E8B26268F462900F526B1 /* Release */,
			);
			defaultConfigurationIsVisible = 0;
			defaultConfigurationName = Release;
		};
/* End XCConfigurationList section */
	};
	rootObject = AA8E8AF4268F462700F526B1 /* Project object */;
}
